
Microsoft Visual Studio Solution File, Format Version 12.00
# Visual Studio Version 16
VisualStudioVersion = 16.0.30225.117
MinimumVisualStudioVersion = 10.0.40219.1
Project("{FAE04EC0-301F-11D3-BF4B-00C04F79EFBC}") = "ContosoUniversity", "ContosoUniversity\ContosoUniversity.csproj", "{EAEEF8B2-18F9-49BE-AC69-A673AE3CF64F}"
EndProject
Global
	GlobalSection(SolutionConfigurationPlatforms) = preSolution
		Debug|Any CPU = Debug|Any CPU
		Release|Any CPU = Release|Any CPU
	EndGlobalSection
	GlobalSection(ProjectConfigurationPlatforms) = postSolution
		{EAEEF8B2-18F9-49BE-AC69-A673AE3CF64F}.Debug|Any CPU.ActiveCfg = Debug|Any CPU
		{EAEEF8B2-18F9-49BE-AC69-A673AE3CF64F}.Debug|Any CPU.Build.0 = Debug|Any CPU
		{EAEEF8B2-18F9-49BE-AC69-A673AE3CF64F}.Release|Any CPU.ActiveCfg = Release|Any CPU
		{EAEEF8B2-18F9-49BE-AC69-A673AE3CF64F}.Release|Any CPU.Build.0 = Release|Any CPU
	EndGlobalSection
	GlobalSection(SolutionProperties) = preSolution
		HideSolutionNode = FALSE
	EndGlobalSection
	GlobalSection(ExtensibilityGlobals) = postSolution
		SolutionGuid = {F52EF20F-7626-44B8-9C4E-21B2026D3F88}
	EndGlobalSection
EndGlobal
